// !$*UTF8*$!
{
	archiveVersion = 1;
	classes = {
	};
	objectVersion = 56;
	objects = {

/* Begin PBXBuildFile section */
		37459F442BBFE99900F4D474 /* LICENSE.txt in Resources */ = {isa = PBXBuildFile; fileRef = 37459F362BBFE99900F4D474 /* LICENSE.txt */; };
		37459F452BBFE99900F4D474 /* Roboto-Black.ttf in Resources */ = {isa = PBXBuildFile; fileRef = 37459F372BBFE99900F4D474 /* Roboto-Black.ttf */; };
		37459F462BBFE99900F4D474 /* Roboto-BlackItalic.ttf in Resources */ = {isa = PBXBuildFile; fileRef = 37459F382BBFE99900F4D474 /* Roboto-BlackItalic.ttf */; };
		37459F472BBFE99900F4D474 /* Roboto-Bold.ttf in Resources */ = {isa = PBXBuildFile; fileRef = 37459F392BBFE99900F4D474 /* Roboto-Bold.ttf */; };
		37459F482BBFE99900F4D474 /* Roboto-BoldItalic.ttf in Resources */ = {isa = PBXBuildFile; fileRef = 37459F3A2BBFE99900F4D474 /* Roboto-BoldItalic.ttf */; };
		37459F492BBFE99900F4D474 /* Roboto-Italic.ttf in Resources */ = {isa = PBXBuildFile; fileRef = 37459F3B2BBFE99900F4D474 /* Roboto-Italic.ttf */; };
		37459F4A2BBFE99900F4D474 /* Roboto-Light.ttf in Resources */ = {isa = PBXBuildFile; fileRef = 37459F3C2BBFE99900F4D474 /* Roboto-Light.ttf */; };
		37459F4B2BBFE99900F4D474 /* Roboto-LightItalic.ttf in Resources */ = {isa = PBXBuildFile; fileRef = 37459F3D2BBFE99900F4D474 /* Roboto-LightItalic.ttf */; };
		37459F4C2BBFE99900F4D474 /* Roboto-Medium.ttf in Resources */ = {isa = PBXBuildFile; fileRef = 37459F3E2BBFE99900F4D474 /* Roboto-Medium.ttf */; };
		37459F4D2BBFE99900F4D474 /* Roboto-MediumItalic.ttf in Resources */ = {isa = PBXBuildFile; fileRef = 37459F3F2BBFE99900F4D474 /* Roboto-MediumItalic.ttf */; };
		37459F4E2BBFE99900F4D474 /* Roboto-Regular.ttf in Resources */ = {isa = PBXBuildFile; fileRef = 37459F402BBFE99900F4D474 /* Roboto-Regular.ttf */; };
		37459F4F2BBFE99900F4D474 /* Roboto-Thin.ttf in Resources */ = {isa = PBXBuildFile; fileRef = 37459F412BBFE99900F4D474 /* Roboto-Thin.ttf */; };
		37459F502BBFE99900F4D474 /* Roboto-ThinItalic.ttf in Resources */ = {isa = PBXBuildFile; fileRef = 37459F422BBFE99900F4D474 /* Roboto-ThinItalic.ttf */; };
		37459F532BBFEC0400F4D474 /* UIFont+Extension.swift in Sources */ = {isa = PBXBuildFile; fileRef = 37459F522BBFEC0400F4D474 /* UIFont+Extension.swift */; };
		376CD4FE2BBEC1D600055EDF /* AppDelegate.swift in Sources */ = {isa = PBXBuildFile; fileRef = 376CD4FD2BBEC1D600055EDF /* AppDelegate.swift */; };
		376CD5002BBEC1D600055EDF /* SceneDelegate.swift in Sources */ = {isa = PBXBuildFile; fileRef = 376CD4FF2BBEC1D600055EDF /* SceneDelegate.swift */; };
		376CD5022BBEC1D600055EDF /* ViewController.swift in Sources */ = {isa = PBXBuildFile; fileRef = 376CD5012BBEC1D600055EDF /* ViewController.swift */; };
		376CD5072BBEC1D700055EDF /* Assets.xcassets in Resources */ = {isa = PBXBuildFile; fileRef = 376CD5062BBEC1D700055EDF /* Assets.xcassets */; };
		376CD50A2BBEC1D700055EDF /* Base in Resources */ = {isa = PBXBuildFile; fileRef = 376CD5092BBEC1D700055EDF /* Base */; };
/* End PBXBuildFile section */

/* Begin PBXFileReference section */
		37459F362BBFE99900F4D474 /* LICENSE.txt */ = {isa = PBXFileReference; fileEncoding = 4; lastKnownFileType = text; path = LICENSE.txt; sourceTree = "<group>"; };
		37459F372BBFE99900F4D474 /* Roboto-Black.ttf */ = {isa = PBXFileReference; lastKnownFileType = file; path = "Roboto-Black.ttf"; sourceTree = "<group>"; };
		37459F382BBFE99900F4D474 /* Roboto-BlackItalic.ttf */ = {isa = PBXFileReference; lastKnownFileType = file; path = "Roboto-BlackItalic.ttf"; sourceTree = "<group>"; };
		37459F392BBFE99900F4D474 /* Roboto-Bold.ttf */ = {isa = PBXFileReference; lastKnownFileType = file; path = "Roboto-Bold.ttf"; sourceTree = "<group>"; };
		37459F3A2BBFE99900F4D474 /* Roboto-BoldItalic.ttf */ = {isa = PBXFileReference; lastKnownFileType = file; path = "Roboto-BoldItalic.ttf"; sourceTree = "<group>"; };
		37459F3B2BBFE99900F4D474 /* Roboto-Italic.ttf */ = {isa = PBXFileReference; lastKnownFileType = file; path = "Roboto-Italic.ttf"; sourceTree = "<group>"; };
		37459F3C2BBFE99900F4D474 /* Roboto-Light.ttf */ = {isa = PBXFileReference; lastKnownFileType = file; path = "Roboto-Light.ttf"; sourceTree = "<group>"; };
		37459F3D2BBFE99900F4D474 /* Roboto-LightItalic.ttf */ = {isa = PBXFileReference; lastKnownFileType = file; path = "Roboto-LightItalic.ttf"; sourceTree = "<group>"; };
		37459F3E2BBFE99900F4D474 /* Roboto-Medium.ttf */ = {isa = PBXFileReference; lastKnownFileType = file; path = "Roboto-Medium.ttf"; sourceTree = "<group>"; };
		37459F3F2BBFE99900F4D474 /* Roboto-MediumItalic.ttf */ = {isa = PBXFileReference; lastKnownFileType = file; path = "Roboto-MediumItalic.ttf"; sourceTree = "<group>"; };
		37459F402BBFE99900F4D474 /* Roboto-Regular.ttf */ = {isa = PBXFileReference; lastKnownFileType = file; path = "Roboto-Regular.ttf"; sourceTree = "<group>"; };
		37459F412BBFE99900F4D474 /* Roboto-Thin.ttf */ = {isa = PBXFileReference; lastKnownFileType = file; path = "Roboto-Thin.ttf"; sourceTree = "<group>"; };
		37459F422BBFE99900F4D474 /* Roboto-ThinItalic.ttf */ = {isa = PBXFileReference; lastKnownFileType = file; path = "Roboto-ThinItalic.ttf"; sourceTree = "<group>"; };
		37459F522BBFEC0400F4D474 /* UIFont+Extension.swift */ = {isa = PBXFileReference; lastKnownFileType = sourcecode.swift; path = "UIFont+Extension.swift"; sourceTree = "<group>"; };
		376CD4FA2BBEC1D600055EDF /* FoodDelivery.app */ = {isa = PBXFileReference; explicitFileType = wrapper.application; includeInIndex = 0; path = FoodDelivery.app; sourceTree = BUILT_PRODUCTS_DIR; };
		376CD4FD2BBEC1D600055EDF /* AppDelegate.swift */ = {isa = PBXFileReference; lastKnownFileType = sourcecode.swift; path = AppDelegate.swift; sourceTree = "<group>"; };
		376CD4FF2BBEC1D600055EDF /* SceneDelegate.swift */ = {isa = PBXFileReference; lastKnownFileType = sourcecode.swift; path = SceneDelegate.swift; sourceTree = "<group>"; };
		376CD5012BBEC1D600055EDF /* ViewController.swift */ = {isa = PBXFileReference; lastKnownFileType = sourcecode.swift; path = ViewController.swift; sourceTree = "<group>"; };
		376CD5062BBEC1D700055EDF /* Assets.xcassets */ = {isa = PBXFileReference; lastKnownFileType = folder.assetcatalog; path = Assets.xcassets; sourceTree = "<group>"; };
		376CD5092BBEC1D700055EDF /* Base */ = {isa = PBXFileReference; lastKnownFileType = file.storyboard; name = Base; path = Base.lproj/LaunchScreen.storyboard; sourceTree = "<group>"; };
		376CD50B2BBEC1D700055EDF /* Info.plist */ = {isa = PBXFileReference; lastKnownFileType = text.plist.xml; path = Info.plist; sourceTree = "<group>"; };
/* End PBXFileReference section */

/* Begin PBXFrameworksBuildPhase section */
		376CD4F72BBEC1D600055EDF /* Frameworks */ = {
			isa = PBXFrameworksBuildPhase;
			buildActionMask = 2147483647;
			files = (
			);
			runOnlyForDeploymentPostprocessing = 0;
		};
/* End PBXFrameworksBuildPhase section */

/* Begin PBXGroup section */
		37459F342BBFE94F00F4D474 /* Resourses */ = {
			isa = PBXGroup;
			children = (
				37459F512BBFEBD400F4D474 /* Extensions */,
				37459F352BBFE96900F4D474 /* Fonts */,
			);
			path = Resourses;
			sourceTree = "<group>";
		};
		37459F352BBFE96900F4D474 /* Fonts */ = {
			isa = PBXGroup;
			children = (
				37459F432BBFE99900F4D474 /* Roboto */,
			);
			path = Fonts;
			sourceTree = "<group>";
		};
		37459F432BBFE99900F4D474 /* Roboto */ = {
			isa = PBXGroup;
			children = (
				37459F362BBFE99900F4D474 /* LICENSE.txt */,
				37459F372BBFE99900F4D474 /* Roboto-Black.ttf */,
				37459F382BBFE99900F4D474 /* Roboto-BlackItalic.ttf */,
				37459F392BBFE99900F4D474 /* Roboto-Bold.ttf */,
				37459F3A2BBFE99900F4D474 /* Roboto-BoldItalic.ttf */,
				37459F3B2BBFE99900F4D474 /* Roboto-Italic.ttf */,
				37459F3C2BBFE99900F4D474 /* Roboto-Light.ttf */,
				37459F3D2BBFE99900F4D474 /* Roboto-LightItalic.ttf */,
				37459F3E2BBFE99900F4D474 /* Roboto-Medium.ttf */,
				37459F3F2BBFE99900F4D474 /* Roboto-MediumItalic.ttf */,
				37459F402BBFE99900F4D474 /* Roboto-Regular.ttf */,
				37459F412BBFE99900F4D474 /* Roboto-Thin.ttf */,
				37459F422BBFE99900F4D474 /* Roboto-ThinItalic.ttf */,
			);
			path = Roboto;
			sourceTree = "<group>";
		};
		37459F512BBFEBD400F4D474 /* Extensions */ = {
			isa = PBXGroup;
			children = (
				37459F522BBFEC0400F4D474 /* UIFont+Extension.swift */,
			);
			path = Extensions;
			sourceTree = "<group>";
		};
		376CD4F12BBEC1D600055EDF = {
			isa = PBXGroup;
			children = (
				376CD4FC2BBEC1D600055EDF /* FoodDelivery */,
				376CD4FB2BBEC1D600055EDF /* Products */,
			);
			sourceTree = "<group>";
		};
		376CD4FB2BBEC1D600055EDF /* Products */ = {
			isa = PBXGroup;
			children = (
				376CD4FA2BBEC1D600055EDF /* FoodDelivery.app */,
			);
			name = Products;
			sourceTree = "<group>";
		};
		376CD4FC2BBEC1D600055EDF /* FoodDelivery */ = {
			isa = PBXGroup;
			children = (
				37459F342BBFE94F00F4D474 /* Resourses */,
				376CD4FD2BBEC1D600055EDF /* AppDelegate.swift */,
				376CD4FF2BBEC1D600055EDF /* SceneDelegate.swift */,
				376CD5012BBEC1D600055EDF /* ViewController.swift */,
				376CD5062BBEC1D700055EDF /* Assets.xcassets */,
				376CD5082BBEC1D700055EDF /* LaunchScreen.storyboard */,
				376CD50B2BBEC1D700055EDF /* Info.plist */,
			);
			path = FoodDelivery;
			sourceTree = "<group>";
		};
/* End PBXGroup section */

/* Begin PBXNativeTarget section */
		376CD4F92BBEC1D600055EDF /* FoodDelivery */ = {
			isa = PBXNativeTarget;
			buildConfigurationList = 376CD50E2BBEC1D700055EDF /* Build configuration list for PBXNativeTarget "FoodDelivery" */;
			buildPhases = (
				376CD4F62BBEC1D600055EDF /* Sources */,
				376CD4F72BBEC1D600055EDF /* Frameworks */,
				376CD4F82BBEC1D600055EDF /* Resources */,
			);
			buildRules = (
			);
			dependencies = (
			);
			name = FoodDelivery;
			productName = FoodDelivery;
			productReference = 376CD4FA2BBEC1D600055EDF /* FoodDelivery.app */;
			productType = "com.apple.product-type.application";
		};
/* End PBXNativeTarget section */

/* Begin PBXProject section */
		376CD4F22BBEC1D600055EDF /* Project object */ = {
			isa = PBXProject;
			attributes = {
				BuildIndependentTargetsInParallel = 1;
				LastSwiftUpdateCheck = 1530;
				LastUpgradeCheck = 1530;
				TargetAttributes = {
					376CD4F92BBEC1D600055EDF = {
						CreatedOnToolsVersion = 15.3;
					};
				};
			};
			buildConfigurationList = 376CD4F52BBEC1D600055EDF /* Build configuration list for PBXProject "FoodDelivery" */;
			compatibilityVersion = "Xcode 14.0";
			developmentRegion = en;
			hasScannedForEncodings = 0;
			knownRegions = (
				en,
				Base,
			);
			mainGroup = 376CD4F12BBEC1D600055EDF;
			productRefGroup = 376CD4FB2BBEC1D600055EDF /* Products */;
			projectDirPath = "";
			projectRoot = "";
			targets = (
				376CD4F92BBEC1D600055EDF /* FoodDelivery */,
			);
		};
/* End PBXProject section */

/* Begin PBXResourcesBuildPhase section */
		376CD4F82BBEC1D600055EDF /* Resources */ = {
			isa = PBXResourcesBuildPhase;
			buildActionMask = 2147483647;
			files = (
				37459F502BBFE99900F4D474 /* Roboto-ThinItalic.ttf in Resources */,
				37459F4F2BBFE99900F4D474 /* Roboto-Thin.ttf in Resources */,
				37459F442BBFE99900F4D474 /* LICENSE.txt in Resources */,
				376CD5072BBEC1D700055EDF /* Assets.xcassets in Resources */,
				37459F4B2BBFE99900F4D474 /* Roboto-LightItalic.ttf in Resources */,
				37459F472BBFE99900F4D474 /* Roboto-Bold.ttf in Resources */,
				37459F4D2BBFE99900F4D474 /* Roboto-MediumItalic.ttf in Resources */,
				37459F462BBFE99900F4D474 /* Roboto-BlackItalic.ttf in Resources */,
				376CD50A2BBEC1D700055EDF /* Base in Resources */,
				37459F492BBFE99900F4D474 /* Roboto-Italic.ttf in Resources */,
				37459F482BBFE99900F4D474 /* Roboto-BoldItalic.ttf in Resources */,
				37459F4C2BBFE99900F4D474 /* Roboto-Medium.ttf in Resources */,
				37459F4E2BBFE99900F4D474 /* Roboto-Regular.ttf in Resources */,
				37459F452BBFE99900F4D474 /* Roboto-Black.ttf in Resources */,
				37459F4A2BBFE99900F4D474 /* Roboto-Light.ttf in Resources */,
			);
			runOnlyForDeploymentPostprocessing = 0;
		};
/* End PBXResourcesBuildPhase section */

/* Begin PBXSourcesBuildPhase section */
		376CD4F62BBEC1D600055EDF /* Sources */ = {
			isa = PBXSourcesBuildPhase;
			buildActionMask = 2147483647;
			files = (
				376CD5022BBEC1D600055EDF /* ViewController.swift in Sources */,
				376CD4FE2BBEC1D600055EDF /* AppDelegate.swift in Sources */,
				37459F532BBFEC0400F4D474 /* UIFont+Extension.swift in Sources */,
				376CD5002BBEC1D600055EDF /* SceneDelegate.swift in Sources */,
			);
			runOnlyForDeploymentPostprocessing = 0;
		};
/* End PBXSourcesBuildPhase section */

/* Begin PBXVariantGroup section */
		376CD5082BBEC1D700055EDF /* LaunchScreen.storyboard */ = {
			isa = PBXVariantGroup;
			children = (
				376CD5092BBEC1D700055EDF /* Base */,
			);
			name = LaunchScreen.storyboard;
			sourceTree = "<group>";
		};
/* End PBXVariantGroup section */

/* Begin XCBuildConfiguration section */
		376CD50C2BBEC1D700055EDF /* Debug */ = {
			isa = XCBuildConfiguration;
			buildSettings = {
				ALWAYS_SEARCH_USER_PATHS = NO;
				ASSETCATALOG_COMPILER_GENERATE_SWIFT_ASSET_SYMBOL_EXTENSIONS = YES;
				CLANG_ANALYZER_NONNULL = YES;
				CLANG_ANALYZER_NUMBER_OBJECT_CONVERSION = YES_AGGRESSIVE;
				CLANG_CXX_LANGUAGE_STANDARD = "gnu++20";
				CLANG_ENABLE_MODULES = YES;
				CLANG_ENABLE_OBJC_ARC = YES;
				CLANG_ENABLE_OBJC_WEAK = YES;
				CLANG_WARN_BLOCK_CAPTURE_AUTORELEASING = YES;
				CLANG_WARN_BOOL_CONVERSION = YES;
				CLANG_WARN_COMMA = YES;
				CLANG_WARN_CONSTANT_CONVERSION = YES;
				CLANG_WARN_DEPRECATED_OBJC_IMPLEMENTATIONS = YES;
				CLANG_WARN_DIRECT_OBJC_ISA_USAGE = YES_ERROR;
				CLANG_WARN_DOCUMENTATION_COMMENTS = YES;
				CLANG_WARN_EMPTY_BODY = YES;
				CLANG_WARN_ENUM_CONVERSION = YES;
				CLANG_WARN_INFINITE_RECURSION = YES;
				CLANG_WARN_INT_CONVERSION = YES;
				CLANG_WARN_NON_LITERAL_NULL_CONVERSION = YES;
				CLANG_WARN_OBJC_IMPLICIT_RETAIN_SELF = YES;
				CLANG_WARN_OBJC_LITERAL_CONVERSION = YES;
				CLANG_WARN_OBJC_ROOT_CLASS = YES_ERROR;
				CLANG_WARN_QUOTED_INCLUDE_IN_FRAMEWORK_HEADER = YES;
				CLANG_WARN_RANGE_LOOP_ANALYSIS = YES;
				CLANG_WARN_STRICT_PROTOTYPES = YES;
				CLANG_WARN_SUSPICIOUS_MOVE = YES;
				CLANG_WARN_UNGUARDED_AVAILABILITY = YES_AGGRESSIVE;
				CLANG_WARN_UNREACHABLE_CODE = YES;
				CLANG_WARN__DUPLICATE_METHOD_MATCH = YES;
				COPY_PHASE_STRIP = NO;
				DEBUG_INFORMATION_FORMAT = dwarf;
				ENABLE_STRICT_OBJC_MSGSEND = YES;
				ENABLE_TESTABILITY = YES;
				ENABLE_USER_SCRIPT_SANDBOXING = YES;
				GCC_C_LANGUAGE_STANDARD = gnu17;
				GCC_DYNAMIC_NO_PIC = NO;
				GCC_NO_COMMON_BLOCKS = YES;
				GCC_OPTIMIZATION_LEVEL = 0;
				GCC_PREPROCESSOR_DEFINITIONS = (
					"DEBUG=1",
					"$(inherited)",
				);
				GCC_WARN_64_TO_32_BIT_CONVERSION = YES;
				GCC_WARN_ABOUT_RETURN_TYPE = YES_ERROR;
				GCC_WARN_UNDECLARED_SELECTOR = YES;
				GCC_WARN_UNINITIALIZED_AUTOS = YES_AGGRESSIVE;
				GCC_WARN_UNUSED_FUNCTION = YES;
				GCC_WARN_UNUSED_VARIABLE = YES;
				IPHONEOS_DEPLOYMENT_TARGET = 17.4;
				LOCALIZATION_PREFERS_STRING_CATALOGS = YES;
				MTL_ENABLE_DEBUG_INFO = INCLUDE_SOURCE;
				MTL_FAST_MATH = YES;
				ONLY_ACTIVE_ARCH = YES;
				SDKROOT = iphoneos;
				SWIFT_ACTIVE_COMPILATION_CONDITIONS = "DEBUG $(inherited)";
				SWIFT_OPTIMIZATION_LEVEL = "-Onone";
			};
			name = Debug;
		};
		376CD50D2BBEC1D700055EDF /* Release */ = {
			isa = XCBuildConfiguration;
			buildSettings = {
				ALWAYS_SEARCH_USER_PATHS = NO;
				ASSETCATALOG_COMPILER_GENERATE_SWIFT_ASSET_SYMBOL_EXTENSIONS = YES;
				CLANG_ANALYZER_NONNULL = YES;
				CLANG_ANALYZER_NUMBER_OBJECT_CONVERSION = YES_AGGRESSIVE;
				CLANG_CXX_LANGUAGE_STANDARD = "gnu++20";
				CLANG_ENABLE_MODULES = YES;
				CLANG_ENABLE_OBJC_ARC = YES;
				CLANG_ENABLE_OBJC_WEAK = YES;
				CLANG_WARN_BLOCK_CAPTURE_AUTORELEASING = YES;
				CLANG_WARN_BOOL_CONVERSION = YES;
				CLANG_WARN_COMMA = YES;
				CLANG_WARN_CONSTANT_CONVERSION = YES;
				CLANG_WARN_DEPRECATED_OBJC_IMPLEMENTATIONS = YES;
				CLANG_WARN_DIRECT_OBJC_ISA_USAGE = YES_ERROR;
				CLANG_WARN_DOCUMENTATION_COMMENTS = YES;
				CLANG_WARN_EMPTY_BODY = YES;
				CLANG_WARN_ENUM_CONVERSION = YES;
				CLANG_WARN_INFINITE_RECURSION = YES;
				CLANG_WARN_INT_CONVERSION = YES;
				CLANG_WARN_NON_LITERAL_NULL_CONVERSION = YES;
				CLANG_WARN_OBJC_IMPLICIT_RETAIN_SELF = YES;
				CLANG_WARN_OBJC_LITERAL_CONVERSION = YES;
				CLANG_WARN_OBJC_ROOT_CLASS = YES_ERROR;
				CLANG_WARN_QUOTED_INCLUDE_IN_FRAMEWORK_HEADER = YES;
				CLANG_WARN_RANGE_LOOP_ANALYSIS = YES;
				CLANG_WARN_STRICT_PROTOTYPES = YES;
				CLANG_WARN_SUSPICIOUS_MOVE = YES;
				CLANG_WARN_UNGUARDED_AVAILABILITY = YES_AGGRESSIVE;
				CLANG_WARN_UNREACHABLE_CODE = YES;
				CLANG_WARN__DUPLICATE_METHOD_MATCH = YES;
				COPY_PHASE_STRIP = NO;
				DEBUG_INFORMATION_FORMAT = "dwarf-with-dsym";
				ENABLE_NS_ASSERTIONS = NO;
				ENABLE_STRICT_OBJC_MSGSEND = YES;
				ENABLE_USER_SCRIPT_SANDBOXING = YES;
				GCC_C_LANGUAGE_STANDARD = gnu17;
				GCC_NO_COMMON_BLOCKS = YES;
				GCC_WARN_64_TO_32_BIT_CONVERSION = YES;
				GCC_WARN_ABOUT_RETURN_TYPE = YES_ERROR;
				GCC_WARN_UNDECLARED_SELECTOR = YES;
				GCC_WARN_UNINITIALIZED_AUTOS = YES_AGGRESSIVE;
				GCC_WARN_UNUSED_FUNCTION = YES;
				GCC_WARN_UNUSED_VARIABLE = YES;
				IPHONEOS_DEPLOYMENT_TARGET = 17.4;
				LOCALIZATION_PREFERS_STRING_CATALOGS = YES;
				MTL_ENABLE_DEBUG_INFO = NO;
				MTL_FAST_MATH = YES;
				SDKROOT = iphoneos;
				SWIFT_COMPILATION_MODE = wholemodule;
				VALIDATE_PRODUCT = YES;
			};
			name = Release;
		};
		376CD50F2BBEC1D700055EDF /* Debug */ = {
			isa = XCBuildConfiguration;
			buildSettings = {
				ASSETCATALOG_COMPILER_APPICON_NAME = AppIcon;
				ASSETCATALOG_COMPILER_GLOBAL_ACCENT_COLOR_NAME = AccentColor;
				CODE_SIGN_STYLE = Automatic;
				CURRENT_PROJECT_VERSION = 1;
				GENERATE_INFOPLIST_FILE = YES;
				INFOPLIST_FILE = FoodDelivery/Info.plist;
				INFOPLIST_KEY_UIApplicationSupportsIndirectInputEvents = YES;
				INFOPLIST_KEY_UILaunchStoryboardName = LaunchScreen;
				INFOPLIST_KEY_UISupportedInterfaceOrientations_iPad = "UIInterfaceOrientationPortrait UIInterfaceOrientationPortraitUpsideDown UIInterfaceOrientationLandscapeLeft UIInterfaceOrientationLandscapeRight";
				INFOPLIST_KEY_UISupportedInterfaceOrientations_iPhone = "UIInterfaceOrientationPortrait UIInterfaceOrientationLandscapeLeft UIInterfaceOrientationLandscapeRight";
				LD_RUNPATH_SEARCH_PATHS = (
					"$(inherited)",
					"@executable_path/Frameworks",
				);
				MARKETING_VERSION = 1.0;
				PRODUCT_BUNDLE_IDENTIFIER = "Greg-Bagdaev.FoodDelivery";
				PRODUCT_NAME = "$(TARGET_NAME)";
				SWIFT_EMIT_LOC_STRINGS = YES;
				SWIFT_VERSION = 5.0;
				TARGETED_DEVICE_FAMILY = "1,2";
			};
			name = Debug;
		};
		376CD5102BBEC1D700055EDF /* Release */ = {
			isa = XCBuildConfiguration;
			buildSettings = {
				ASSETCATALOG_COMPILER_APPICON_NAME = AppIcon;
				ASSETCATALOG_COMPILER_GLOBAL_ACCENT_COLOR_NAME = AccentColor;
				CODE_SIGN_STYLE = Automatic;
				CURRENT_PROJECT_VERSION = 1;
				GENERATE_INFOPLIST_FILE = YES;
				INFOPLIST_FILE = FoodDelivery/Info.plist;
				INFOPLIST_KEY_UIApplicationSupportsIndirectInputEvents = YES;
				INFOPLIST_KEY_UILaunchStoryboardName = LaunchScreen;
				INFOPLIST_KEY_UISupportedInterfaceOrientations_iPad = "UIInterfaceOrientationPortrait UIInterfaceOrientationPortraitUpsideDown UIInterfaceOrientationLandscapeLeft UIInterfaceOrientationLandscapeRight";
				INFOPLIST_KEY_UISupportedInterfaceOrientations_iPhone = "UIInterfaceOrientationPortrait UIInterfaceOrientationLandscapeLeft UIInterfaceOrientationLandscapeRight";
				LD_RUNPATH_SEARCH_PATHS = (
					"$(inherited)",
					"@executable_path/Frameworks",
				);
				MARKETING_VERSION = 1.0;
				PRODUCT_BUNDLE_IDENTIFIER = "Greg-Bagdaev.FoodDelivery";
				PRODUCT_NAME = "$(TARGET_NAME)";
				SWIFT_EMIT_LOC_STRINGS = YES;
				SWIFT_VERSION = 5.0;
				TARGETED_DEVICE_FAMILY = "1,2";
			};
			name = Release;
		};
/* End XCBuildConfiguration section */

/* Begin XCConfigurationList section */
		376CD4F52BBEC1D600055EDF /* Build configuration list for PBXProject "FoodDelivery" */ = {
			isa = XCConfigurationList;
			buildConfigurations = (
				376CD50C2BBEC1D700055EDF /* Debug */,
				376CD50D2BBEC1D700055EDF /* Release */,
			);
			defaultConfigurationIsVisible = 0;
			defaultConfigurationName = Release;
		};
		376CD50E2BBEC1D700055EDF /* Build configuration list for PBXNativeTarget "FoodDelivery" */ = {
			isa = XCConfigurationList;
			buildConfigurations = (
				376CD50F2BBEC1D700055EDF /* Debug */,
				376CD5102BBEC1D700055EDF /* Release */,
			);
			defaultConfigurationIsVisible = 0;
			defaultConfigurationName = Release;
		};
/* End XCConfigurationList section */
	};
	rootObject = 376CD4F22BBEC1D600055EDF /* Project object */;
}
